
Microsoft Visual Studio Solution File, Format Version 12.00
# Visual Studio Version 17
VisualStudioVersion = 17.11.35327.3
MinimumVisualStudioVersion = 10.0.40219.1
Project("{FAE04EC0-301F-11D3-BF4B-00C04F79EFBC}") = "ThreadSafety Singleton", "ThreadSafety Singleton.csproj", "{AFD1B39D-8894-4238-BED7-9C880C250DDA}"
EndProject
Global
	GlobalSection(SolutionConfigurationPlatforms) = preSolution
		Debug|Any CPU = Debug|Any CPU
		Release|Any CPU = Release|Any CPU
	EndGlobalSection
	GlobalSection(ProjectConfigurationPlatforms) = postSolution
		{AFD1B39D-8894-4238-BED7-9C880C250DDA}.Debug|Any CPU.ActiveCfg = Debug|Any CPU
		{AFD1B39D-8894-4238-BED7-9C880C250DDA}.Debug|Any CPU.Build.0 = Debug|Any CPU
		{AFD1B39D-8894-4238-BED7-9C880C250DDA}.Release|Any CPU.ActiveCfg = Release|Any CPU
		{AFD1B39D-8894-4238-BED7-9C880C250DDA}.Release|Any CPU.Build.0 = Release|Any CPU
	EndGlobalSection
	GlobalSection(SolutionProperties) = preSolution
		HideSolutionNode = FALSE
	EndGlobalSection
	GlobalSection(ExtensibilityGlobals) = postSolution
		SolutionGuid = {D9E7276A-9A70-4145-87A7-EE7B972AC7F8}
	EndGlobalSection
EndGlobal
